{
  "name": "redis",
  "version": "1.0.0",
  "lockfileVersion": 2,
  "requires": true,
  "packages": {
    "": {
      "name": "redis",
      "version": "1.0.0",
      "license": "ISC",
      "dependencies": {
        "node-redis": "^0.1.7"
      }
    },
    "node_modules/node-redis": {
      "version": "0.1.7",
      "resolved": "https://registry.npmjs.org/node-redis/-/node-redis-0.1.7.tgz",
      "integrity": "sha1-a1/WGtlcMx6oKJyliFbbE6P7gBM="
    }
  },
  "dependencies": {
    "node-redis": {
      "version": "0.1.7",
      "resolved": "https://registry.npmjs.org/node-redis/-/node-redis-0.1.7.tgz",
      "integrity": "sha1-a1/WGtlcMx6oKJyliFbbE6P7gBM="
    }
  }
}
